{
  "name": "node",
  "version": "1.0.0",
  "lockfileVersion": 2,
  "requires": true,
  "packages": {
    "": {
      "name": "node",
      "version": "1.0.0",
      "license": "ISC",
      "dependencies": {
        "coordtransform": "^2.1.2"
      }
    },
    "node_modules/coordtransform": {
      "version": "2.1.2",
      "resolved": "https://registry.npmmirror.com/coordtransform/-/coordtransform-2.1.2.tgz",
      "integrity": "sha512-0xLJApBlrUP+clyLJWIaqg4GXE5JTbAJb5d/CDMqebIksAMMze8eAyO6YfHEIxWJ+c42mXoMHBzWTeUrG7RFhw=="
    }
  },
  "dependencies": {
    "coordtransform": {
      "version": "2.1.2",
      "resolved": "https://registry.npmmirror.com/coordtransform/-/coordtransform-2.1.2.tgz",
      "integrity": "sha512-0xLJApBlrUP+clyLJWIaqg4GXE5JTbAJb5d/CDMqebIksAMMze8eAyO6YfHEIxWJ+c42mXoMHBzWTeUrG7RFhw=="
    }
  }
}
